
Microsoft Visual Studio Solution File, Format Version 12.00
# Visual Studio Version 17
VisualStudioVersion = 17.4.33205.214
MinimumVisualStudioVersion = 10.0.40219.1
Project("{9A19103F-16F7-4668-BE54-9A1E7A4F7556}") = "TimeRecorder.Server", "TimeRecorder\Server\TimeRecorder.Server.csproj", "{51125BF5-AD1A-4289-9D2E-8A2726F599B8}"
EndProject
Project("{9A19103F-16F7-4668-BE54-9A1E7A4F7556}") = "TimeRecorder.Client", "TimeRecorder\Client\TimeRecorder.Client.csproj", "{A355A98A-F350-438C-9029-AD13593404AF}"
EndProject
Project("{9A19103F-16F7-4668-BE54-9A1E7A4F7556}") = "TimeRecorder.Shared", "TimeRecorder\Shared\TimeRecorder.Shared.csproj", "{676C57A4-274D-4219-9EB7-1516CD300FF6}"
EndProject
Global
	GlobalSection(SolutionConfigurationPlatforms) = preSolution
		Debug|Any CPU = Debug|Any CPU
		Release|Any CPU = Release|Any CPU
	EndGlobalSection
	GlobalSection(ProjectConfigurationPlatforms) = postSolution
		{51125BF5-AD1A-4289-9D2E-8A2726F599B8}.Debug|Any CPU.ActiveCfg = Debug|Any CPU
		{51125BF5-AD1A-4289-9D2E-8A2726F599B8}.Debug|Any CPU.Build.0 = Debug|Any CPU
		{51125BF5-AD1A-4289-9D2E-8A2726F599B8}.Release|Any CPU.ActiveCfg = Release|Any CPU
		{51125BF5-AD1A-4289-9D2E-8A2726F599B8}.Release|Any CPU.Build.0 = Release|Any CPU
		{A355A98A-F350-438C-9029-AD13593404AF}.Debug|Any CPU.ActiveCfg = Debug|Any CPU
		{A355A98A-F350-438C-9029-AD13593404AF}.Debug|Any CPU.Build.0 = Debug|Any CPU
		{A355A98A-F350-438C-9029-AD13593404AF}.Release|Any CPU.ActiveCfg = Release|Any CPU
		{A355A98A-F350-438C-9029-AD13593404AF}.Release|Any CPU.Build.0 = Release|Any CPU
		{676C57A4-274D-4219-9EB7-1516CD300FF6}.Debug|Any CPU.ActiveCfg = Debug|Any CPU
		{676C57A4-274D-4219-9EB7-1516CD300FF6}.Debug|Any CPU.Build.0 = Debug|Any CPU
		{676C57A4-274D-4219-9EB7-1516CD300FF6}.Release|Any CPU.ActiveCfg = Release|Any CPU
		{676C57A4-274D-4219-9EB7-1516CD300FF6}.Release|Any CPU.Build.0 = Release|Any CPU
	EndGlobalSection
	GlobalSection(SolutionProperties) = preSolution
		HideSolutionNode = FALSE
	EndGlobalSection
	GlobalSection(ExtensibilityGlobals) = postSolution
		SolutionGuid = {E97148D6-D6C6-4A8D-AFA2-81D60CFC2EE5}
	EndGlobalSection
EndGlobal
